
Microsoft Visual Studio Solution File, Format Version 12.00
# Visual Studio 15
VisualStudioVersion = 15.0.27428.2043
MinimumVisualStudioVersion = 10.0.40219.1
Project("{8BC9CEB8-8B4A-11D0-8D11-00A0C91BC942}") = "Conditions", "Conditions\Conditions.vcxproj", "{9C8E2B50-1229-4ABE-A2AF-181D17AE0C86}"
EndProject
Global
	GlobalSection(SolutionConfigurationPlatforms) = preSolution
		Debug|x64 = Debug|x64
		Debug|x86 = Debug|x86
		Release|x64 = Release|x64
		Release|x86 = Release|x86
	EndGlobalSection
	GlobalSection(ProjectConfigurationPlatforms) = postSolution
		{9C8E2B50-1229-4ABE-A2AF-181D17AE0C86}.Debug|x64.ActiveCfg = Debug|x64
		{9C8E2B50-1229-4ABE-A2AF-181D17AE0C86}.Debug|x64.Build.0 = Debug|x64
		{9C8E2B50-1229-4ABE-A2AF-181D17AE0C86}.Debug|x86.ActiveCfg = Debug|Win32
		{9C8E2B50-1229-4ABE-A2AF-181D17AE0C86}.Debug|x86.Build.0 = Debug|Win32
		{9C8E2B50-1229-4ABE-A2AF-181D17AE0C86}.Release|x64.ActiveCfg = Release|x64
		{9C8E2B50-1229-4ABE-A2AF-181D17AE0C86}.Release|x64.Build.0 = Release|x64
		{9C8E2B50-1229-4ABE-A2AF-181D17AE0C86}.Release|x86.ActiveCfg = Release|Win32
		{9C8E2B50-1229-4ABE-A2AF-181D17AE0C86}.Release|x86.Build.0 = Release|Win32
	EndGlobalSection
	GlobalSection(SolutionProperties) = preSolution
		HideSolutionNode = FALSE
	EndGlobalSection
	GlobalSection(ExtensibilityGlobals) = postSolution
		SolutionGuid = {5677D19C-7D9F-4DAC-8F1B-E1F6DDAA6003}
	EndGlobalSection
EndGlobal
